
Microsoft Visual Studio Solution File, Format Version 12.00
# Visual Studio Version 17
VisualStudioVersion = 17.14.36915.13 d17.14
MinimumVisualStudioVersion = 10.0.40219.1
Project("{FAE04EC0-301F-11D3-BF4B-00C04F79EFBC}") = "FileExplorer", "FileExplorer\FileExplorer.csproj", "{692BAEF5-A86C-4C87-8CA9-0BAA9C393AFA}"
EndProject
Global
	GlobalSection(SolutionConfigurationPlatforms) = preSolution
		Debug|Any CPU = Debug|Any CPU
		Release|Any CPU = Release|Any CPU
	EndGlobalSection
	GlobalSection(ProjectConfigurationPlatforms) = postSolution
		{692BAEF5-A86C-4C87-8CA9-0BAA9C393AFA}.Debug|Any CPU.ActiveCfg = Debug|Any CPU
		{692BAEF5-A86C-4C87-8CA9-0BAA9C393AFA}.Debug|Any CPU.Build.0 = Debug|Any CPU
		{692BAEF5-A86C-4C87-8CA9-0BAA9C393AFA}.Release|Any CPU.ActiveCfg = Release|Any CPU
		{692BAEF5-A86C-4C87-8CA9-0BAA9C393AFA}.Release|Any CPU.Build.0 = Release|Any CPU
	EndGlobalSection
	GlobalSection(SolutionProperties) = preSolution
		HideSolutionNode = FALSE
	EndGlobalSection
	GlobalSection(ExtensibilityGlobals) = postSolution
		SolutionGuid = {91E75037-DAF1-4CE4-A73C-3469CB43EDAE}
	EndGlobalSection
EndGlobal
